// !$*UTF8*$!
{
	archiveVersion = 1;
	classes = {
	};
	objectVersion = 56;
	objects = {

/* Begin PBXBuildFile section */
		599D8B6B28D8AF6300D8C200 /* CombineTestingApp.swift in Sources */ = {isa = PBXBuildFile; fileRef = 599D8B6228D8AF6300D8C200 /* CombineTestingApp.swift */; };
		599D8B6C28D8AF6300D8C200 /* DataTaskWithAsync.swift in Sources */ = {isa = PBXBuildFile; fileRef = 599D8B6328D8AF6300D8C200 /* DataTaskWithAsync.swift */; };
		599D8B6D28D8AF6300D8C200 /* Assets.xcassets in Resources */ = {isa = PBXBuildFile; fileRef = 599D8B6428D8AF6300D8C200 /* Assets.xcassets */; };
		599D8B6E28D8AF6300D8C200 /* User.swift in Sources */ = {isa = PBXBuildFile; fileRef = 599D8B6528D8AF6300D8C200 /* User.swift */; };
		599D8B6F28D8AF6300D8C200 /* Preview Assets.xcassets in Resources */ = {isa = PBXBuildFile; fileRef = 599D8B6728D8AF6300D8C200 /* Preview Assets.xcassets */; };
		599D8B7028D8AF6300D8C200 /* MapAssignTo.swift in Sources */ = {isa = PBXBuildFile; fileRef = 599D8B6828D8AF6300D8C200 /* MapAssignTo.swift */; };
		599D8B7128D8AF6300D8C200 /* DataTaskWithCompletion.swift in Sources */ = {isa = PBXBuildFile; fileRef = 599D8B6928D8AF6300D8C200 /* DataTaskWithCompletion.swift */; };
		599D8B7228D8AF6300D8C200 /* DataTaskWithCombine.swift in Sources */ = {isa = PBXBuildFile; fileRef = 599D8B6A28D8AF6300D8C200 /* DataTaskWithCombine.swift */; };
		599D8B7428D8B3BB00D8C200 /* README.md in Resources */ = {isa = PBXBuildFile; fileRef = 599D8B7328D8B3BB00D8C200 /* README.md */; };
/* End PBXBuildFile section */

/* Begin PBXContainerItemProxy section */
		599D8B3B28D888D500D8C200 /* PBXContainerItemProxy */ = {
			isa = PBXContainerItemProxy;
			containerPortal = 599D8B2228D888D400D8C200 /* Project object */;
			proxyType = 1;
			remoteGlobalIDString = 599D8B2928D888D400D8C200;
			remoteInfo = CombineTesting;
		};
		599D8B4528D888D500D8C200 /* PBXContainerItemProxy */ = {
			isa = PBXContainerItemProxy;
			containerPortal = 599D8B2228D888D400D8C200 /* Project object */;
			proxyType = 1;
			remoteGlobalIDString = 599D8B2928D888D400D8C200;
			remoteInfo = CombineTesting;
		};
/* End PBXContainerItemProxy section */

/* Begin PBXFileReference section */
		599D8B2A28D888D400D8C200 /* WaysToMakeAsynchronousAPICalls.app */ = {isa = PBXFileReference; explicitFileType = wrapper.application; includeInIndex = 0; path = WaysToMakeAsynchronousAPICalls.app; sourceTree = BUILT_PRODUCTS_DIR; };
		599D8B3A28D888D500D8C200 /* WaysToMakeAsynchronousAPICallsTests.xctest */ = {isa = PBXFileReference; explicitFileType = wrapper.cfbundle; includeInIndex = 0; path = WaysToMakeAsynchronousAPICallsTests.xctest; sourceTree = BUILT_PRODUCTS_DIR; };
		599D8B4428D888D500D8C200 /* WaysToMakeAsynchronousAPICallsUITests.xctest */ = {isa = PBXFileReference; explicitFileType = wrapper.cfbundle; includeInIndex = 0; path = WaysToMakeAsynchronousAPICallsUITests.xctest; sourceTree = BUILT_PRODUCTS_DIR; };
		599D8B6228D8AF6300D8C200 /* CombineTestingApp.swift */ = {isa = PBXFileReference; fileEncoding = 4; lastKnownFileType = sourcecode.swift; path = CombineTestingApp.swift; sourceTree = "<group>"; };
		599D8B6328D8AF6300D8C200 /* DataTaskWithAsync.swift */ = {isa = PBXFileReference; fileEncoding = 4; lastKnownFileType = sourcecode.swift; path = DataTaskWithAsync.swift; sourceTree = "<group>"; };
		599D8B6428D8AF6300D8C200 /* Assets.xcassets */ = {isa = PBXFileReference; lastKnownFileType = folder.assetcatalog; path = Assets.xcassets; sourceTree = "<group>"; };
		599D8B6528D8AF6300D8C200 /* User.swift */ = {isa = PBXFileReference; fileEncoding = 4; lastKnownFileType = sourcecode.swift; path = User.swift; sourceTree = "<group>"; };
		599D8B6728D8AF6300D8C200 /* Preview Assets.xcassets */ = {isa = PBXFileReference; lastKnownFileType = folder.assetcatalog; path = "Preview Assets.xcassets"; sourceTree = "<group>"; };
		599D8B6828D8AF6300D8C200 /* MapAssignTo.swift */ = {isa = PBXFileReference; fileEncoding = 4; lastKnownFileType = sourcecode.swift; path = MapAssignTo.swift; sourceTree = "<group>"; };
		599D8B6928D8AF6300D8C200 /* DataTaskWithCompletion.swift */ = {isa = PBXFileReference; fileEncoding = 4; lastKnownFileType = sourcecode.swift; path = DataTaskWithCompletion.swift; sourceTree = "<group>"; };
		599D8B6A28D8AF6300D8C200 /* DataTaskWithCombine.swift */ = {isa = PBXFileReference; fileEncoding = 4; lastKnownFileType = sourcecode.swift; path = DataTaskWithCombine.swift; sourceTree = "<group>"; };
		599D8B7328D8B3BB00D8C200 /* README.md */ = {isa = PBXFileReference; lastKnownFileType = net.daringfireball.markdown; path = README.md; sourceTree = "<group>"; };
/* End PBXFileReference section */

/* Begin PBXFrameworksBuildPhase section */
		599D8B2728D888D400D8C200 /* Frameworks */ = {
			isa = PBXFrameworksBuildPhase;
			buildActionMask = 2147483647;
			files = (
			);
			runOnlyForDeploymentPostprocessing = 0;
		};
		599D8B3728D888D500D8C200 /* Frameworks */ = {
			isa = PBXFrameworksBuildPhase;
			buildActionMask = 2147483647;
			files = (
			);
			runOnlyForDeploymentPostprocessing = 0;
		};
		599D8B4128D888D500D8C200 /* Frameworks */ = {
			isa = PBXFrameworksBuildPhase;
			buildActionMask = 2147483647;
			files = (
			);
			runOnlyForDeploymentPostprocessing = 0;
		};
/* End PBXFrameworksBuildPhase section */

/* Begin PBXGroup section */
		599D8B2128D888D400D8C200 = {
			isa = PBXGroup;
			children = (
				599D8B7328D8B3BB00D8C200 /* README.md */,
				599D8B6128D8AF6300D8C200 /* WaysToMakeAsynchronousAPICalls */,
				599D8B2B28D888D400D8C200 /* Products */,
			);
			sourceTree = "<group>";
		};
		599D8B2B28D888D400D8C200 /* Products */ = {
			isa = PBXGroup;
			children = (
				599D8B2A28D888D400D8C200 /* WaysToMakeAsynchronousAPICalls.app */,
				599D8B3A28D888D500D8C200 /* WaysToMakeAsynchronousAPICallsTests.xctest */,
				599D8B4428D888D500D8C200 /* WaysToMakeAsynchronousAPICallsUITests.xctest */,
			);
			name = Products;
			sourceTree = "<group>";
		};
		599D8B6128D8AF6300D8C200 /* WaysToMakeAsynchronousAPICalls */ = {
			isa = PBXGroup;
			children = (
				599D8B6228D8AF6300D8C200 /* CombineTestingApp.swift */,
				599D8B6328D8AF6300D8C200 /* DataTaskWithAsync.swift */,
				599D8B6528D8AF6300D8C200 /* User.swift */,
				599D8B6828D8AF6300D8C200 /* MapAssignTo.swift */,
				599D8B6928D8AF6300D8C200 /* DataTaskWithCompletion.swift */,
				599D8B6A28D8AF6300D8C200 /* DataTaskWithCombine.swift */,
				599D8B6428D8AF6300D8C200 /* Assets.xcassets */,
				599D8B6628D8AF6300D8C200 /* Preview Content */,
			);
			path = WaysToMakeAsynchronousAPICalls;
			sourceTree = "<group>";
		};
		599D8B6628D8AF6300D8C200 /* Preview Content */ = {
			isa = PBXGroup;
			children = (
				599D8B6728D8AF6300D8C200 /* Preview Assets.xcassets */,
			);
			path = "Preview Content";
			sourceTree = "<group>";
		};
/* End PBXGroup section */

/* Begin PBXNativeTarget section */
		599D8B2928D888D400D8C200 /* WaysToMakeAsynchronousAPICalls */ = {
			isa = PBXNativeTarget;
			buildConfigurationList = 599D8B4E28D888D500D8C200 /* Build configuration list for PBXNativeTarget "WaysToMakeAsynchronousAPICalls" */;
			buildPhases = (
				599D8B2628D888D400D8C200 /* Sources */,
				599D8B2728D888D400D8C200 /* Frameworks */,
				599D8B2828D888D400D8C200 /* Resources */,
			);
			buildRules = (
			);
			dependencies = (
			);
			name = WaysToMakeAsynchronousAPICalls;
			productName = CombineTesting;
			productReference = 599D8B2A28D888D400D8C200 /* WaysToMakeAsynchronousAPICalls.app */;
			productType = "com.apple.product-type.application";
		};
		599D8B3928D888D500D8C200 /* WaysToMakeAsynchronousAPICallsTests */ = {
			isa = PBXNativeTarget;
			buildConfigurationList = 599D8B5128D888D500D8C200 /* Build configuration list for PBXNativeTarget "WaysToMakeAsynchronousAPICallsTests" */;
			buildPhases = (
				599D8B3628D888D500D8C200 /* Sources */,
				599D8B3728D888D500D8C200 /* Frameworks */,
				599D8B3828D888D500D8C200 /* Resources */,
			);
			buildRules = (
			);
			dependencies = (
				599D8B3C28D888D500D8C200 /* PBXTargetDependency */,
			);
			name = WaysToMakeAsynchronousAPICallsTests;
			productName = CombineTestingTests;
			productReference = 599D8B3A28D888D500D8C200 /* WaysToMakeAsynchronousAPICallsTests.xctest */;
			productType = "com.apple.product-type.bundle.unit-test";
		};
		599D8B4328D888D500D8C200 /* WaysToMakeAsynchronousAPICallsUITests */ = {
			isa = PBXNativeTarget;
			buildConfigurationList = 599D8B5428D888D500D8C200 /* Build configuration list for PBXNativeTarget "WaysToMakeAsynchronousAPICallsUITests" */;
			buildPhases = (
				599D8B4028D888D500D8C200 /* Sources */,
				599D8B4128D888D500D8C200 /* Frameworks */,
				599D8B4228D888D500D8C200 /* Resources */,
			);
			buildRules = (
			);
			dependencies = (
				599D8B4628D888D500D8C200 /* PBXTargetDependency */,
			);
			name = WaysToMakeAsynchronousAPICallsUITests;
			productName = CombineTestingUITests;
			productReference = 599D8B4428D888D500D8C200 /* WaysToMakeAsynchronousAPICallsUITests.xctest */;
			productType = "com.apple.product-type.bundle.ui-testing";
		};
/* End PBXNativeTarget section */

/* Begin PBXProject section */
		599D8B2228D888D400D8C200 /* Project object */ = {
			isa = PBXProject;
			attributes = {
				BuildIndependentTargetsInParallel = 1;
				LastSwiftUpdateCheck = 1400;
				LastUpgradeCheck = 1400;
				TargetAttributes = {
					599D8B2928D888D400D8C200 = {
						CreatedOnToolsVersion = 14.0;
					};
					599D8B3928D888D500D8C200 = {
						CreatedOnToolsVersion = 14.0;
						TestTargetID = 599D8B2928D888D400D8C200;
					};
					599D8B4328D888D500D8C200 = {
						CreatedOnToolsVersion = 14.0;
						TestTargetID = 599D8B2928D888D400D8C200;
					};
				};
			};
			buildConfigurationList = 599D8B2528D888D400D8C200 /* Build configuration list for PBXProject "WaysToMakeAsynchronousAPICalls" */;
			compatibilityVersion = "Xcode 14.0";
			developmentRegion = en;
			hasScannedForEncodings = 0;
			knownRegions = (
				en,
				Base,
			);
			mainGroup = 599D8B2128D888D400D8C200;
			productRefGroup = 599D8B2B28D888D400D8C200 /* Products */;
			projectDirPath = "";
			projectRoot = "";
			targets = (
				599D8B2928D888D400D8C200 /* WaysToMakeAsynchronousAPICalls */,
				599D8B3928D888D500D8C200 /* WaysToMakeAsynchronousAPICallsTests */,
				599D8B4328D888D500D8C200 /* WaysToMakeAsynchronousAPICallsUITests */,
			);
		};
/* End PBXProject section */

/* Begin PBXResourcesBuildPhase section */
		599D8B2828D888D400D8C200 /* Resources */ = {
			isa = PBXResourcesBuildPhase;
			buildActionMask = 2147483647;
			files = (
				599D8B7428D8B3BB00D8C200 /* README.md in Resources */,
				599D8B6F28D8AF6300D8C200 /* Preview Assets.xcassets in Resources */,
				599D8B6D28D8AF6300D8C200 /* Assets.xcassets in Resources */,
			);
			runOnlyForDeploymentPostprocessing = 0;
		};
		599D8B3828D888D500D8C200 /* Resources */ = {
			isa = PBXResourcesBuildPhase;
			buildActionMask = 2147483647;
			files = (
			);
			runOnlyForDeploymentPostprocessing = 0;
		};
		599D8B4228D888D500D8C200 /* Resources */ = {
			isa = PBXResourcesBuildPhase;
			buildActionMask = 2147483647;
			files = (
			);
			runOnlyForDeploymentPostprocessing = 0;
		};
/* End PBXResourcesBuildPhase section */

/* Begin PBXSourcesBuildPhase section */
		599D8B2628D888D400D8C200 /* Sources */ = {
			isa = PBXSourcesBuildPhase;
			buildActionMask = 2147483647;
			files = (
				599D8B6C28D8AF6300D8C200 /* DataTaskWithAsync.swift in Sources */,
				599D8B6B28D8AF6300D8C200 /* CombineTestingApp.swift in Sources */,
				599D8B7028D8AF6300D8C200 /* MapAssignTo.swift in Sources */,
				599D8B7128D8AF6300D8C200 /* DataTaskWithCompletion.swift in Sources */,
				599D8B6E28D8AF6300D8C200 /* User.swift in Sources */,
				599D8B7228D8AF6300D8C200 /* DataTaskWithCombine.swift in Sources */,
			);
			runOnlyForDeploymentPostprocessing = 0;
		};
		599D8B3628D888D500D8C200 /* Sources */ = {
			isa = PBXSourcesBuildPhase;
			buildActionMask = 2147483647;
			files = (
			);
			runOnlyForDeploymentPostprocessing = 0;
		};
		599D8B4028D888D500D8C200 /* Sources */ = {
			isa = PBXSourcesBuildPhase;
			buildActionMask = 2147483647;
			files = (
			);
			runOnlyForDeploymentPostprocessing = 0;
		};
/* End PBXSourcesBuildPhase section */

/* Begin PBXTargetDependency section */
		599D8B3C28D888D500D8C200 /* PBXTargetDependency */ = {
			isa = PBXTargetDependency;
			target = 599D8B2928D888D400D8C200 /* WaysToMakeAsynchronousAPICalls */;
			targetProxy = 599D8B3B28D888D500D8C200 /* PBXContainerItemProxy */;
		};
		599D8B4628D888D500D8C200 /* PBXTargetDependency */ = {
			isa = PBXTargetDependency;
			target = 599D8B2928D888D400D8C200 /* WaysToMakeAsynchronousAPICalls */;
			targetProxy = 599D8B4528D888D500D8C200 /* PBXContainerItemProxy */;
		};
/* End PBXTargetDependency section */

/* Begin XCBuildConfiguration section */
		599D8B4C28D888D500D8C200 /* Debug */ = {
			isa = XCBuildConfiguration;
			buildSettings = {
				ALWAYS_SEARCH_USER_PATHS = NO;
				CLANG_ANALYZER_NONNULL = YES;
				CLANG_ANALYZER_NUMBER_OBJECT_CONVERSION = YES_AGGRESSIVE;
				CLANG_CXX_LANGUAGE_STANDARD = "gnu++20";
				CLANG_ENABLE_MODULES = YES;
				CLANG_ENABLE_OBJC_ARC = YES;
				CLANG_ENABLE_OBJC_WEAK = YES;
				CLANG_WARN_BLOCK_CAPTURE_AUTORELEASING = YES;
				CLANG_WARN_BOOL_CONVERSION = YES;
				CLANG_WARN_COMMA = YES;
				CLANG_WARN_CONSTANT_CONVERSION = YES;
				CLANG_WARN_DEPRECATED_OBJC_IMPLEMENTATIONS = YES;
				CLANG_WARN_DIRECT_OBJC_ISA_USAGE = YES_ERROR;
				CLANG_WARN_DOCUMENTATION_COMMENTS = YES;
				CLANG_WARN_EMPTY_BODY = YES;
				CLANG_WARN_ENUM_CONVERSION = YES;
				CLANG_WARN_INFINITE_RECURSION = YES;
				CLANG_WARN_INT_CONVERSION = YES;
				CLANG_WARN_NON_LITERAL_NULL_CONVERSION = YES;
				CLANG_WARN_OBJC_IMPLICIT_RETAIN_SELF = YES;
				CLANG_WARN_OBJC_LITERAL_CONVERSION = YES;
				CLANG_WARN_OBJC_ROOT_CLASS = YES_ERROR;
				CLANG_WARN_QUOTED_INCLUDE_IN_FRAMEWORK_HEADER = YES;
				CLANG_WARN_RANGE_LOOP_ANALYSIS = YES;
				CLANG_WARN_STRICT_PROTOTYPES = YES;
				CLANG_WARN_SUSPICIOUS_MOVE = YES;
				CLANG_WARN_UNGUARDED_AVAILABILITY = YES_AGGRESSIVE;
				CLANG_WARN_UNREACHABLE_CODE = YES;
				CLANG_WARN__DUPLICATE_METHOD_MATCH = YES;
				COPY_PHASE_STRIP = NO;
				DEBUG_INFORMATION_FORMAT = dwarf;
				ENABLE_STRICT_OBJC_MSGSEND = YES;
				ENABLE_TESTABILITY = YES;
				GCC_C_LANGUAGE_STANDARD = gnu11;
				GCC_DYNAMIC_NO_PIC = NO;
				GCC_NO_COMMON_BLOCKS = YES;
				GCC_OPTIMIZATION_LEVEL = 0;
				GCC_PREPROCESSOR_DEFINITIONS = (
					"DEBUG=1",
					"$(inherited)",
				);
				GCC_WARN_64_TO_32_BIT_CONVERSION = YES;
				GCC_WARN_ABOUT_RETURN_TYPE = YES_ERROR;
				GCC_WARN_UNDECLARED_SELECTOR = YES;
				GCC_WARN_UNINITIALIZED_AUTOS = YES_AGGRESSIVE;
				GCC_WARN_UNUSED_FUNCTION = YES;
				GCC_WARN_UNUSED_VARIABLE = YES;
				IPHONEOS_DEPLOYMENT_TARGET = 16.0;
				MTL_ENABLE_DEBUG_INFO = INCLUDE_SOURCE;
				MTL_FAST_MATH = YES;
				ONLY_ACTIVE_ARCH = YES;
				SDKROOT = iphoneos;
				SWIFT_ACTIVE_COMPILATION_CONDITIONS = DEBUG;
				SWIFT_OPTIMIZATION_LEVEL = "-Onone";
			};
			name = Debug;
		};
		599D8B4D28D888D500D8C200 /* Release */ = {
			isa = XCBuildConfiguration;
			buildSettings = {
				ALWAYS_SEARCH_USER_PATHS = NO;
				CLANG_ANALYZER_NONNULL = YES;
				CLANG_ANALYZER_NUMBER_OBJECT_CONVERSION = YES_AGGRESSIVE;
				CLANG_CXX_LANGUAGE_STANDARD = "gnu++20";
				CLANG_ENABLE_MODULES = YES;
				CLANG_ENABLE_OBJC_ARC = YES;
				CLANG_ENABLE_OBJC_WEAK = YES;
				CLANG_WARN_BLOCK_CAPTURE_AUTORELEASING = YES;
				CLANG_WARN_BOOL_CONVERSION = YES;
				CLANG_WARN_COMMA = YES;
				CLANG_WARN_CONSTANT_CONVERSION = YES;
				CLANG_WARN_DEPRECATED_OBJC_IMPLEMENTATIONS = YES;
				CLANG_WARN_DIRECT_OBJC_ISA_USAGE = YES_ERROR;
				CLANG_WARN_DOCUMENTATION_COMMENTS = YES;
				CLANG_WARN_EMPTY_BODY = YES;
				CLANG_WARN_ENUM_CONVERSION = YES;
				CLANG_WARN_INFINITE_RECURSION = YES;
				CLANG_WARN_INT_CONVERSION = YES;
				CLANG_WARN_NON_LITERAL_NULL_CONVERSION = YES;
				CLANG_WARN_OBJC_IMPLICIT_RETAIN_SELF = YES;
				CLANG_WARN_OBJC_LITERAL_CONVERSION = YES;
				CLANG_WARN_OBJC_ROOT_CLASS = YES_ERROR;
				CLANG_WARN_QUOTED_INCLUDE_IN_FRAMEWORK_HEADER = YES;
				CLANG_WARN_RANGE_LOOP_ANALYSIS = YES;
				CLANG_WARN_STRICT_PROTOTYPES = YES;
				CLANG_WARN_SUSPICIOUS_MOVE = YES;
				CLANG_WARN_UNGUARDED_AVAILABILITY = YES_AGGRESSIVE;
				CLANG_WARN_UNREACHABLE_CODE = YES;
				CLANG_WARN__DUPLICATE_METHOD_MATCH = YES;
				COPY_PHASE_STRIP = NO;
				DEBUG_INFORMATION_FORMAT = "dwarf-with-dsym";
				ENABLE_NS_ASSERTIONS = NO;
				ENABLE_STRICT_OBJC_MSGSEND = YES;
				GCC_C_LANGUAGE_STANDARD = gnu11;
				GCC_NO_COMMON_BLOCKS = YES;
				GCC_WARN_64_TO_32_BIT_CONVERSION = YES;
				GCC_WARN_ABOUT_RETURN_TYPE = YES_ERROR;
				GCC_WARN_UNDECLARED_SELECTOR = YES;
				GCC_WARN_UNINITIALIZED_AUTOS = YES_AGGRESSIVE;
				GCC_WARN_UNUSED_FUNCTION = YES;
				GCC_WARN_UNUSED_VARIABLE = YES;
				IPHONEOS_DEPLOYMENT_TARGET = 16.0;
				MTL_ENABLE_DEBUG_INFO = NO;
				MTL_FAST_MATH = YES;
				SDKROOT = iphoneos;
				SWIFT_COMPILATION_MODE = wholemodule;
				SWIFT_OPTIMIZATION_LEVEL = "-O";
				VALIDATE_PRODUCT = YES;
			};
			name = Release;
		};
		599D8B4F28D888D500D8C200 /* Debug */ = {
			isa = XCBuildConfiguration;
			buildSettings = {
				ASSETCATALOG_COMPILER_APPICON_NAME = AppIcon;
				ASSETCATALOG_COMPILER_GLOBAL_ACCENT_COLOR_NAME = AccentColor;
				CODE_SIGN_STYLE = Automatic;
				CURRENT_PROJECT_VERSION = 1;
				DEVELOPMENT_ASSET_PATHS = "\"WaysToMakeAsynchronousAPICalls/Preview Content\"";
				DEVELOPMENT_TEAM = LJ8AFZ3ADS;
				ENABLE_PREVIEWS = YES;
				GENERATE_INFOPLIST_FILE = YES;
				INFOPLIST_KEY_UIApplicationSceneManifest_Generation = YES;
				INFOPLIST_KEY_UIApplicationSupportsIndirectInputEvents = YES;
				INFOPLIST_KEY_UILaunchScreen_Generation = YES;
				INFOPLIST_KEY_UISupportedInterfaceOrientations_iPad = "UIInterfaceOrientationPortrait UIInterfaceOrientationPortraitUpsideDown UIInterfaceOrientationLandscapeLeft UIInterfaceOrientationLandscapeRight";
				INFOPLIST_KEY_UISupportedInterfaceOrientations_iPhone = "UIInterfaceOrientationPortrait UIInterfaceOrientationLandscapeLeft UIInterfaceOrientationLandscapeRight";
				LD_RUNPATH_SEARCH_PATHS = (
					"$(inherited)",
					"@executable_path/Frameworks",
				);
				MARKETING_VERSION = 1.0;
				PRODUCT_BUNDLE_IDENTIFIER = in.yogena.CombineTesting;
				PRODUCT_NAME = "$(TARGET_NAME)";
				SWIFT_EMIT_LOC_STRINGS = YES;
				SWIFT_VERSION = 5.0;
				TARGETED_DEVICE_FAMILY = "1,2";
			};
			name = Debug;
		};
		599D8B5028D888D500D8C200 /* Release */ = {
			isa = XCBuildConfiguration;
			buildSettings = {
				ASSETCATALOG_COMPILER_APPICON_NAME = AppIcon;
				ASSETCATALOG_COMPILER_GLOBAL_ACCENT_COLOR_NAME = AccentColor;
				CODE_SIGN_STYLE = Automatic;
				CURRENT_PROJECT_VERSION = 1;
				DEVELOPMENT_ASSET_PATHS = "\"WaysToMakeAsynchronousAPICalls/Preview Content\"";
				DEVELOPMENT_TEAM = LJ8AFZ3ADS;
				ENABLE_PREVIEWS = YES;
				GENERATE_INFOPLIST_FILE = YES;
				INFOPLIST_KEY_UIApplicationSceneManifest_Generation = YES;
				INFOPLIST_KEY_UIApplicationSupportsIndirectInputEvents = YES;
				INFOPLIST_KEY_UILaunchScreen_Generation = YES;
				INFOPLIST_KEY_UISupportedInterfaceOrientations_iPad = "UIInterfaceOrientationPortrait UIInterfaceOrientationPortraitUpsideDown UIInterfaceOrientationLandscapeLeft UIInterfaceOrientationLandscapeRight";
				INFOPLIST_KEY_UISupportedInterfaceOrientations_iPhone = "UIInterfaceOrientationPortrait UIInterfaceOrientationLandscapeLeft UIInterfaceOrientationLandscapeRight";
				LD_RUNPATH_SEARCH_PATHS = (
					"$(inherited)",
					"@executable_path/Frameworks",
				);
				MARKETING_VERSION = 1.0;
				PRODUCT_BUNDLE_IDENTIFIER = in.yogena.CombineTesting;
				PRODUCT_NAME = "$(TARGET_NAME)";
				SWIFT_EMIT_LOC_STRINGS = YES;
				SWIFT_VERSION = 5.0;
				TARGETED_DEVICE_FAMILY = "1,2";
			};
			name = Release;
		};
		599D8B5228D888D500D8C200 /* Debug */ = {
			isa = XCBuildConfiguration;
			buildSettings = {
				ALWAYS_EMBED_SWIFT_STANDARD_LIBRARIES = YES;
				BUNDLE_LOADER = "$(TEST_HOST)";
				CODE_SIGN_STYLE = Automatic;
				CURRENT_PROJECT_VERSION = 1;
				DEVELOPMENT_TEAM = LJ8AFZ3ADS;
				GENERATE_INFOPLIST_FILE = YES;
				IPHONEOS_DEPLOYMENT_TARGET = 16.0;
				MARKETING_VERSION = 1.0;
				PRODUCT_BUNDLE_IDENTIFIER = in.yogena.CombineTestingTests;
				PRODUCT_NAME = "$(TARGET_NAME)";
				SWIFT_EMIT_LOC_STRINGS = NO;
				SWIFT_VERSION = 5.0;
				TARGETED_DEVICE_FAMILY = "1,2";
				TEST_HOST = "$(BUILT_PRODUCTS_DIR)/WaysToMakeAsynchronousAPICalls.app/$(BUNDLE_EXECUTABLE_FOLDER_PATH)/WaysToMakeAsynchronousAPICalls";
			};
			name = Debug;
		};
		599D8B5328D888D500D8C200 /* Release */ = {
			isa = XCBuildConfiguration;
			buildSettings = {
				ALWAYS_EMBED_SWIFT_STANDARD_LIBRARIES = YES;
				BUNDLE_LOADER = "$(TEST_HOST)";
				CODE_SIGN_STYLE = Automatic;
				CURRENT_PROJECT_VERSION = 1;
				DEVELOPMENT_TEAM = LJ8AFZ3ADS;
				GENERATE_INFOPLIST_FILE = YES;
				IPHONEOS_DEPLOYMENT_TARGET = 16.0;
				MARKETING_VERSION = 1.0;
				PRODUCT_BUNDLE_IDENTIFIER = in.yogena.CombineTestingTests;
				PRODUCT_NAME = "$(TARGET_NAME)";
				SWIFT_EMIT_LOC_STRINGS = NO;
				SWIFT_VERSION = 5.0;
				TARGETED_DEVICE_FAMILY = "1,2";
				TEST_HOST = "$(BUILT_PRODUCTS_DIR)/WaysToMakeAsynchronousAPICalls.app/$(BUNDLE_EXECUTABLE_FOLDER_PATH)/WaysToMakeAsynchronousAPICalls";
			};
			name = Release;
		};
		599D8B5528D888D500D8C200 /* Debug */ = {
			isa = XCBuildConfiguration;
			buildSettings = {
				ALWAYS_EMBED_SWIFT_STANDARD_LIBRARIES = YES;
				CODE_SIGN_STYLE = Automatic;
				CURRENT_PROJECT_VERSION = 1;
				DEVELOPMENT_TEAM = LJ8AFZ3ADS;
				GENERATE_INFOPLIST_FILE = YES;
				MARKETING_VERSION = 1.0;
				PRODUCT_BUNDLE_IDENTIFIER = in.yogena.CombineTestingUITests;
				PRODUCT_NAME = "$(TARGET_NAME)";
				SWIFT_EMIT_LOC_STRINGS = NO;
				SWIFT_VERSION = 5.0;
				TARGETED_DEVICE_FAMILY = "1,2";
				TEST_TARGET_NAME = CombineTesting;
			};
			name = Debug;
		};
		599D8B5628D888D500D8C200 /* Release */ = {
			isa = XCBuildConfiguration;
			buildSettings = {
				ALWAYS_EMBED_SWIFT_STANDARD_LIBRARIES = YES;
				CODE_SIGN_STYLE = Automatic;
				CURRENT_PROJECT_VERSION = 1;
				DEVELOPMENT_TEAM = LJ8AFZ3ADS;
				GENERATE_INFOPLIST_FILE = YES;
				MARKETING_VERSION = 1.0;
				PRODUCT_BUNDLE_IDENTIFIER = in.yogena.CombineTestingUITests;
				PRODUCT_NAME = "$(TARGET_NAME)";
				SWIFT_EMIT_LOC_STRINGS = NO;
				SWIFT_VERSION = 5.0;
				TARGETED_DEVICE_FAMILY = "1,2";
				TEST_TARGET_NAME = CombineTesting;
			};
			name = Release;
		};
/* End XCBuildConfiguration section */

/* Begin XCConfigurationList section */
		599D8B2528D888D400D8C200 /* Build configuration list for PBXProject "WaysToMakeAsynchronousAPICalls" */ = {
			isa = XCConfigurationList;
			buildConfigurations = (
				599D8B4C28D888D500D8C200 /* Debug */,
				599D8B4D28D888D500D8C200 /* Release */,
			);
			defaultConfigurationIsVisible = 0;
			defaultConfigurationName = Release;
		};
		599D8B4E28D888D500D8C200 /* Build configuration list for PBXNativeTarget "WaysToMakeAsynchronousAPICalls" */ = {
			isa = XCConfigurationList;
			buildConfigurations = (
				599D8B4F28D888D500D8C200 /* Debug */,
				599D8B5028D888D500D8C200 /* Release */,
			);
			defaultConfigurationIsVisible = 0;
			defaultConfigurationName = Release;
		};
		599D8B5128D888D500D8C200 /* Build configuration list for PBXNativeTarget "WaysToMakeAsynchronousAPICallsTests" */ = {
			isa = XCConfigurationList;
			buildConfigurations = (
				599D8B5228D888D500D8C200 /* Debug */,
				599D8B5328D888D500D8C200 /* Release */,
			);
			defaultConfigurationIsVisible = 0;
			defaultConfigurationName = Release;
		};
		599D8B5428D888D500D8C200 /* Build configuration list for PBXNativeTarget "WaysToMakeAsynchronousAPICallsUITests" */ = {
			isa = XCConfigurationList;
			buildConfigurations = (
				599D8B5528D888D500D8C200 /* Debug */,
				599D8B5628D888D500D8C200 /* Release */,
			);
			defaultConfigurationIsVisible = 0;
			defaultConfigurationName = Release;
		};
/* End XCConfigurationList section */
	};
	rootObject = 599D8B2228D888D400D8C200 /* Project object */;
}
